// !$*UTF8*$!
{
	archiveVersion = 1;
	classes = {
	};
	objectVersion = 46;
	objects = {

/* Begin PBXBuildFile section */
		7258C4A4A9874BD598A6C8A0 /* libPods-atlas.a in Frameworks */ = {isa = PBXBuildFile; fileRef = E1B142BD92D24EB6BFF58049 /* libPods-atlas.a */; };
		ED036B4119459DCE00FA4D56 /* Foundation.framework in Frameworks */ = {isa = PBXBuildFile; fileRef = ED036B4019459DCE00FA4D56 /* Foundation.framework */; };
		ED036B4319459DD200FA4D56 /* CFNetwork.framework in Frameworks */ = {isa = PBXBuildFile; fileRef = ED036B4219459DD200FA4D56 /* CFNetwork.framework */; };
		ED0FCA3C1948921100CAEA18 /* YBLoadingViewController.swift in Sources */ = {isa = PBXBuildFile; fileRef = ED0FCA3B1948921100CAEA18 /* YBLoadingViewController.swift */; };
		ED4DF35A19F5354F00BBDEA5 /* YBNetrunnerSet.swift in Sources */ = {isa = PBXBuildFile; fileRef = ED4DF35919F5354F00BBDEA5 /* YBNetrunnerSet.swift */; };
		ED4DF35C19F5385100BBDEA5 /* YBSetListViewController.swift in Sources */ = {isa = PBXBuildFile; fileRef = ED4DF35B19F5385100BBDEA5 /* YBSetListViewController.swift */; };
		ED56F8F619459C360009E67B /* String+Contains.swift in Sources */ = {isa = PBXBuildFile; fileRef = ED56F8F519459C360009E67B /* String+Contains.swift */; };
		ED9D8A7F1941D57E00B19ED3 /* AppDelegate.swift in Sources */ = {isa = PBXBuildFile; fileRef = ED9D8A7E1941D57E00B19ED3 /* AppDelegate.swift */; };
		ED9D8A811941D57E00B19ED3 /* YBCardListViewController.swift in Sources */ = {isa = PBXBuildFile; fileRef = ED9D8A801941D57E00B19ED3 /* YBCardListViewController.swift */; };
		ED9D8A861941D57E00B19ED3 /* Main.storyboard in Resources */ = {isa = PBXBuildFile; fileRef = ED9D8A841941D57E00B19ED3 /* Main.storyboard */; };
		ED9D8A941941D57E00B19ED3 /* atlasTests.swift in Sources */ = {isa = PBXBuildFile; fileRef = ED9D8A931941D57E00B19ED3 /* atlasTests.swift */; };
		ED9D8A9E1941D65600B19ED3 /* YBNetrunnerDB.swift in Sources */ = {isa = PBXBuildFile; fileRef = ED9D8A9D1941D65600B19ED3 /* YBNetrunnerDB.swift */; };
		ED9F34861944EA8700CFCFEA /* YBNetrunnerCard.swift in Sources */ = {isa = PBXBuildFile; fileRef = ED9F34851944EA8700CFCFEA /* YBNetrunnerCard.swift */; };
		EDBE94681945A2030050BA97 /* Images.xcassets in Resources */ = {isa = PBXBuildFile; fileRef = ED9D8A871941D57E00B19ED3 /* Images.xcassets */; };
		EDBE94A01945A6950050BA97 /* anarch.png in Resources */ = {isa = PBXBuildFile; fileRef = EDBE948E1945A6950050BA97 /* anarch.png */; };
		EDBE94A11945A6950050BA97 /* anarch@2x.png in Resources */ = {isa = PBXBuildFile; fileRef = EDBE948F1945A6950050BA97 /* anarch@2x.png */; };
		EDBE94A21945A6950050BA97 /* corp.png in Resources */ = {isa = PBXBuildFile; fileRef = EDBE94901945A6950050BA97 /* corp.png */; };
		EDBE94A31945A6950050BA97 /* corp@2x.png in Resources */ = {isa = PBXBuildFile; fileRef = EDBE94911945A6950050BA97 /* corp@2x.png */; };
		EDBE94A41945A6950050BA97 /* criminal.png in Resources */ = {isa = PBXBuildFile; fileRef = EDBE94921945A6950050BA97 /* criminal.png */; };
		EDBE94A51945A6950050BA97 /* criminal@2x.png in Resources */ = {isa = PBXBuildFile; fileRef = EDBE94931945A6950050BA97 /* criminal@2x.png */; };
		EDBE94A61945A6950050BA97 /* haas-bioroid.png in Resources */ = {isa = PBXBuildFile; fileRef = EDBE94941945A6950050BA97 /* haas-bioroid.png */; };
		EDBE94A71945A6950050BA97 /* haas-bioroid@2x.png in Resources */ = {isa = PBXBuildFile; fileRef = EDBE94951945A6950050BA97 /* haas-bioroid@2x.png */; };
		EDBE94A81945A6950050BA97 /* jinteki.png in Resources */ = {isa = PBXBuildFile; fileRef = EDBE94961945A6950050BA97 /* jinteki.png */; };
		EDBE94A91945A6950050BA97 /* jinteki@2x.png in Resources */ = {isa = PBXBuildFile; fileRef = EDBE94971945A6950050BA97 /* jinteki@2x.png */; };
		EDBE94AA1945A6950050BA97 /* nbn.png in Resources */ = {isa = PBXBuildFile; fileRef = EDBE94981945A6950050BA97 /* nbn.png */; };
		EDBE94AB1945A6950050BA97 /* nbn@2x.png in Resources */ = {isa = PBXBuildFile; fileRef = EDBE94991945A6950050BA97 /* nbn@2x.png */; };
		EDBE94AC1945A6950050BA97 /* runner.png in Resources */ = {isa = PBXBuildFile; fileRef = EDBE949A1945A6950050BA97 /* runner.png */; };
		EDBE94AD1945A6950050BA97 /* runner@2x.png in Resources */ = {isa = PBXBuildFile; fileRef = EDBE949B1945A6950050BA97 /* runner@2x.png */; };
		EDBE94AE1945A6950050BA97 /* shaper.png in Resources */ = {isa = PBXBuildFile; fileRef = EDBE949C1945A6950050BA97 /* shaper.png */; };
		EDBE94AF1945A6950050BA97 /* shaper@2x.png in Resources */ = {isa = PBXBuildFile; fileRef = EDBE949D1945A6950050BA97 /* shaper@2x.png */; };
		EDBE94B01945A6950050BA97 /* weyland-consortium.png in Resources */ = {isa = PBXBuildFile; fileRef = EDBE949E1945A6950050BA97 /* weyland-consortium.png */; };
		EDBE94B11945A6950050BA97 /* weyland-consortium@2x.png in Resources */ = {isa = PBXBuildFile; fileRef = EDBE949F1945A6950050BA97 /* weyland-consortium@2x.png */; };
		EDD1E07019F70185007D815B /* YBSetListViewCell.swift in Sources */ = {isa = PBXBuildFile; fileRef = EDD1E06F19F70185007D815B /* YBSetListViewCell.swift */; };
		EDE1753719F4E1AD00063894 /* YBAppConfig.swift in Sources */ = {isa = PBXBuildFile; fileRef = EDE1753619F4E1AD00063894 /* YBAppConfig.swift */; };
		EDF153B51944EE8B004435FA /* YBCardTableViewCell.swift in Sources */ = {isa = PBXBuildFile; fileRef = EDF153B41944EE8B004435FA /* YBCardTableViewCell.swift */; };
/* End PBXBuildFile section */

/* Begin PBXContainerItemProxy section */
		ED9D8A8E1941D57E00B19ED3 /* PBXContainerItemProxy */ = {
			isa = PBXContainerItemProxy;
			containerPortal = ED9D8A711941D57E00B19ED3 /* Project object */;
			proxyType = 1;
			remoteGlobalIDString = ED9D8A781941D57E00B19ED3;
			remoteInfo = atlas;
		};
/* End PBXContainerItemProxy section */

/* Begin PBXCopyFilesBuildPhase section */
		EDDDCF4A1941F29300F28E58 /* Embed Frameworks */ = {
			isa = PBXCopyFilesBuildPhase;
			buildActionMask = 2147483647;
			dstPath = "";
			dstSubfolderSpec = 10;
			files = (
			);
			name = "Embed Frameworks";
			runOnlyForDeploymentPostprocessing = 0;
		};
/* End PBXCopyFilesBuildPhase section */

/* Begin PBXFileReference section */
		B575B372F9404DACA207F34F /* Pods-atlas.xcconfig */ = {isa = PBXFileReference; includeInIndex = 1; lastKnownFileType = text.xcconfig; name = "Pods-atlas.xcconfig"; path = "Pods/Pods-atlas.xcconfig"; sourceTree = "<group>"; };
		E1B142BD92D24EB6BFF58049 /* libPods-atlas.a */ = {isa = PBXFileReference; explicitFileType = archive.ar; includeInIndex = 0; path = "libPods-atlas.a"; sourceTree = BUILT_PRODUCTS_DIR; };
		ED036B3E19459DC900FA4D56 /* CoreFoundation.framework */ = {isa = PBXFileReference; lastKnownFileType = wrapper.framework; name = CoreFoundation.framework; path = System/Library/Frameworks/CoreFoundation.framework; sourceTree = SDKROOT; };
		ED036B4019459DCE00FA4D56 /* Foundation.framework */ = {isa = PBXFileReference; lastKnownFileType = wrapper.framework; name = Foundation.framework; path = System/Library/Frameworks/Foundation.framework; sourceTree = SDKROOT; };
		ED036B4219459DD200FA4D56 /* CFNetwork.framework */ = {isa = PBXFileReference; lastKnownFileType = wrapper.framework; name = CFNetwork.framework; path = System/Library/Frameworks/CFNetwork.framework; sourceTree = SDKROOT; };
		ED0FCA3B1948921100CAEA18 /* YBLoadingViewController.swift */ = {isa = PBXFileReference; fileEncoding = 4; lastKnownFileType = sourcecode.swift; path = YBLoadingViewController.swift; sourceTree = "<group>"; };
		ED4DF35919F5354F00BBDEA5 /* YBNetrunnerSet.swift */ = {isa = PBXFileReference; fileEncoding = 4; lastKnownFileType = sourcecode.swift; path = YBNetrunnerSet.swift; sourceTree = "<group>"; };
		ED4DF35B19F5385100BBDEA5 /* YBSetListViewController.swift */ = {isa = PBXFileReference; fileEncoding = 4; lastKnownFileType = sourcecode.swift; path = YBSetListViewController.swift; sourceTree = "<group>"; };
		ED56F8F519459C360009E67B /* String+Contains.swift */ = {isa = PBXFileReference; fileEncoding = 4; lastKnownFileType = sourcecode.swift; path = "String+Contains.swift"; sourceTree = "<group>"; };
		ED9D8A791941D57E00B19ED3 /* atlas.app */ = {isa = PBXFileReference; explicitFileType = wrapper.application; includeInIndex = 0; path = atlas.app; sourceTree = BUILT_PRODUCTS_DIR; };
		ED9D8A7D1941D57E00B19ED3 /* Info.plist */ = {isa = PBXFileReference; lastKnownFileType = text.plist.xml; path = Info.plist; sourceTree = "<group>"; };
		ED9D8A7E1941D57E00B19ED3 /* AppDelegate.swift */ = {isa = PBXFileReference; lastKnownFileType = sourcecode.swift; path = AppDelegate.swift; sourceTree = "<group>"; };
		ED9D8A801941D57E00B19ED3 /* YBCardListViewController.swift */ = {isa = PBXFileReference; lastKnownFileType = sourcecode.swift; path = YBCardListViewController.swift; sourceTree = "<group>"; };
		ED9D8A851941D57E00B19ED3 /* Base */ = {isa = PBXFileReference; lastKnownFileType = file.storyboard; name = Base; path = Base.lproj/Main.storyboard; sourceTree = "<group>"; };
		ED9D8A871941D57E00B19ED3 /* Images.xcassets */ = {isa = PBXFileReference; lastKnownFileType = folder.assetcatalog; path = Images.xcassets; sourceTree = "<group>"; };
		ED9D8A8D1941D57E00B19ED3 /* atlasTests.xctest */ = {isa = PBXFileReference; explicitFileType = wrapper.cfbundle; includeInIndex = 0; path = atlasTests.xctest; sourceTree = BUILT_PRODUCTS_DIR; };
		ED9D8A921941D57E00B19ED3 /* Info.plist */ = {isa = PBXFileReference; lastKnownFileType = text.plist.xml; path = Info.plist; sourceTree = "<group>"; };
		ED9D8A931941D57E00B19ED3 /* atlasTests.swift */ = {isa = PBXFileReference; lastKnownFileType = sourcecode.swift; path = atlasTests.swift; sourceTree = "<group>"; };
		ED9D8A9D1941D65600B19ED3 /* YBNetrunnerDB.swift */ = {isa = PBXFileReference; fileEncoding = 4; lastKnownFileType = sourcecode.swift; path = YBNetrunnerDB.swift; sourceTree = "<group>"; };
		ED9F34851944EA8700CFCFEA /* YBNetrunnerCard.swift */ = {isa = PBXFileReference; fileEncoding = 4; lastKnownFileType = sourcecode.swift; path = YBNetrunnerCard.swift; sourceTree = "<group>"; };
		EDBE948E1945A6950050BA97 /* anarch.png */ = {isa = PBXFileReference; lastKnownFileType = image.png; path = anarch.png; sourceTree = "<group>"; };
		EDBE948F1945A6950050BA97 /* anarch@2x.png */ = {isa = PBXFileReference; lastKnownFileType = image.png; path = "anarch@2x.png"; sourceTree = "<group>"; };
		EDBE94901945A6950050BA97 /* corp.png */ = {isa = PBXFileReference; lastKnownFileType = image.png; path = corp.png; sourceTree = "<group>"; };
		EDBE94911945A6950050BA97 /* corp@2x.png */ = {isa = PBXFileReference; lastKnownFileType = image.png; path = "corp@2x.png"; sourceTree = "<group>"; };
		EDBE94921945A6950050BA97 /* criminal.png */ = {isa = PBXFileReference; lastKnownFileType = image.png; path = criminal.png; sourceTree = "<group>"; };
		EDBE94931945A6950050BA97 /* criminal@2x.png */ = {isa = PBXFileReference; lastKnownFileType = image.png; path = "criminal@2x.png"; sourceTree = "<group>"; };
		EDBE94941945A6950050BA97 /* haas-bioroid.png */ = {isa = PBXFileReference; lastKnownFileType = image.png; path = "haas-bioroid.png"; sourceTree = "<group>"; };
		EDBE94951945A6950050BA97 /* haas-bioroid@2x.png */ = {isa = PBXFileReference; lastKnownFileType = image.png; path = "haas-bioroid@2x.png"; sourceTree = "<group>"; };
		EDBE94961945A6950050BA97 /* jinteki.png */ = {isa = PBXFileReference; lastKnownFileType = image.png; path = jinteki.png; sourceTree = "<group>"; };
		EDBE94971945A6950050BA97 /* jinteki@2x.png */ = {isa = PBXFileReference; lastKnownFileType = image.png; path = "jinteki@2x.png"; sourceTree = "<group>"; };
		EDBE94981945A6950050BA97 /* nbn.png */ = {isa = PBXFileReference; lastKnownFileType = image.png; path = nbn.png; sourceTree = "<group>"; };
		EDBE94991945A6950050BA97 /* nbn@2x.png */ = {isa = PBXFileReference; lastKnownFileType = image.png; path = "nbn@2x.png"; sourceTree = "<group>"; };
		EDBE949A1945A6950050BA97 /* runner.png */ = {isa = PBXFileReference; lastKnownFileType = image.png; path = runner.png; sourceTree = "<group>"; };
		EDBE949B1945A6950050BA97 /* runner@2x.png */ = {isa = PBXFileReference; lastKnownFileType = image.png; path = "runner@2x.png"; sourceTree = "<group>"; };
		EDBE949C1945A6950050BA97 /* shaper.png */ = {isa = PBXFileReference; lastKnownFileType = image.png; path = shaper.png; sourceTree = "<group>"; };
		EDBE949D1945A6950050BA97 /* shaper@2x.png */ = {isa = PBXFileReference; lastKnownFileType = image.png; path = "shaper@2x.png"; sourceTree = "<group>"; };
		EDBE949E1945A6950050BA97 /* weyland-consortium.png */ = {isa = PBXFileReference; lastKnownFileType = image.png; path = "weyland-consortium.png"; sourceTree = "<group>"; };
		EDBE949F1945A6950050BA97 /* weyland-consortium@2x.png */ = {isa = PBXFileReference; lastKnownFileType = image.png; path = "weyland-consortium@2x.png"; sourceTree = "<group>"; };
		EDC8A1481944F7820066901C /* PodHeader.h */ = {isa = PBXFileReference; lastKnownFileType = sourcecode.c.h; path = PodHeader.h; sourceTree = "<group>"; };
		EDD1E06F19F70185007D815B /* YBSetListViewCell.swift */ = {isa = PBXFileReference; fileEncoding = 4; lastKnownFileType = sourcecode.swift; path = YBSetListViewCell.swift; sourceTree = "<group>"; };
		EDE1753619F4E1AD00063894 /* YBAppConfig.swift */ = {isa = PBXFileReference; fileEncoding = 4; lastKnownFileType = sourcecode.swift; path = YBAppConfig.swift; sourceTree = "<group>"; };
		EDF153B41944EE8B004435FA /* YBCardTableViewCell.swift */ = {isa = PBXFileReference; fileEncoding = 4; lastKnownFileType = sourcecode.swift; path = YBCardTableViewCell.swift; sourceTree = "<group>"; };
/* End PBXFileReference section */

/* Begin PBXFrameworksBuildPhase section */
		ED9D8A761941D57E00B19ED3 /* Frameworks */ = {
			isa = PBXFrameworksBuildPhase;
			buildActionMask = 2147483647;
			files = (
				ED036B4119459DCE00FA4D56 /* Foundation.framework in Frameworks */,
				ED036B4319459DD200FA4D56 /* CFNetwork.framework in Frameworks */,
				7258C4A4A9874BD598A6C8A0 /* libPods-atlas.a in Frameworks */,
			);
			runOnlyForDeploymentPostprocessing = 0;
		};
		ED9D8A8A1941D57E00B19ED3 /* Frameworks */ = {
			isa = PBXFrameworksBuildPhase;
			buildActionMask = 2147483647;
			files = (
			);
			runOnlyForDeploymentPostprocessing = 0;
		};
/* End PBXFrameworksBuildPhase section */

/* Begin PBXGroup section */
		4B0464F029044A738AC545FD /* Frameworks */ = {
			isa = PBXGroup;
			children = (
				ED036B4219459DD200FA4D56 /* CFNetwork.framework */,
				ED036B4019459DCE00FA4D56 /* Foundation.framework */,
				ED036B3E19459DC900FA4D56 /* CoreFoundation.framework */,
				E1B142BD92D24EB6BFF58049 /* libPods-atlas.a */,
			);
			name = Frameworks;
			sourceTree = "<group>";
		};
		ED9D8A701941D57E00B19ED3 = {
			isa = PBXGroup;
			children = (
				ED9D8A7B1941D57E00B19ED3 /* atlas */,
				ED9D8A901941D57E00B19ED3 /* atlasTests */,
				ED9D8A7A1941D57E00B19ED3 /* Products */,
				B575B372F9404DACA207F34F /* Pods-atlas.xcconfig */,
				4B0464F029044A738AC545FD /* Frameworks */,
			);
			sourceTree = "<group>";
		};
		ED9D8A7A1941D57E00B19ED3 /* Products */ = {
			isa = PBXGroup;
			children = (
				ED9D8A791941D57E00B19ED3 /* atlas.app */,
				ED9D8A8D1941D57E00B19ED3 /* atlasTests.xctest */,
			);
			name = Products;
			sourceTree = "<group>";
		};
		ED9D8A7B1941D57E00B19ED3 /* atlas */ = {
			isa = PBXGroup;
			children = (
				ED9F34831944EA1D00CFCFEA /* Controllers */,
				ED9F34841944EA6D00CFCFEA /* Models */,
				ED9D8A7E1941D57E00B19ED3 /* AppDelegate.swift */,
				ED9D8A841941D57E00B19ED3 /* Main.storyboard */,
				EDC8A1481944F7820066901C /* PodHeader.h */,
				ED56F8F519459C360009E67B /* String+Contains.swift */,
				ED9D8A7C1941D57E00B19ED3 /* Supporting Files */,
				EDBE94691945A5610050BA97 /* Resources */,
			);
			path = atlas;
			sourceTree = "<group>";
		};
		ED9D8A7C1941D57E00B19ED3 /* Supporting Files */ = {
			isa = PBXGroup;
			children = (
				ED9D8A7D1941D57E00B19ED3 /* Info.plist */,
			);
			name = "Supporting Files";
			sourceTree = "<group>";
		};
		ED9D8A901941D57E00B19ED3 /* atlasTests */ = {
			isa = PBXGroup;
			children = (
				ED9D8A931941D57E00B19ED3 /* atlasTests.swift */,
				ED9D8A911941D57E00B19ED3 /* Supporting Files */,
			);
			path = atlasTests;
			sourceTree = "<group>";
		};
		ED9D8A911941D57E00B19ED3 /* Supporting Files */ = {
			isa = PBXGroup;
			children = (
				ED9D8A921941D57E00B19ED3 /* Info.plist */,
			);
			name = "Supporting Files";
			sourceTree = "<group>";
		};
		ED9F34831944EA1D00CFCFEA /* Controllers */ = {
			isa = PBXGroup;
			children = (
				ED9D8A801941D57E00B19ED3 /* YBCardListViewController.swift */,
				EDF153B41944EE8B004435FA /* YBCardTableViewCell.swift */,
				ED0FCA3B1948921100CAEA18 /* YBLoadingViewController.swift */,
				ED4DF35B19F5385100BBDEA5 /* YBSetListViewController.swift */,
				EDD1E06F19F70185007D815B /* YBSetListViewCell.swift */,
			);
			name = Controllers;
			sourceTree = "<group>";
		};
		ED9F34841944EA6D00CFCFEA /* Models */ = {
			isa = PBXGroup;
			children = (
				ED9D8A9D1941D65600B19ED3 /* YBNetrunnerDB.swift */,
				ED9F34851944EA8700CFCFEA /* YBNetrunnerCard.swift */,
				EDE1753619F4E1AD00063894 /* YBAppConfig.swift */,
				ED4DF35919F5354F00BBDEA5 /* YBNetrunnerSet.swift */,
			);
			name = Models;
			sourceTree = "<group>";
		};
		EDBE94691945A5610050BA97 /* Resources */ = {
			isa = PBXGroup;
			children = (
				EDBE948E1945A6950050BA97 /* anarch.png */,
				EDBE948F1945A6950050BA97 /* anarch@2x.png */,
				EDBE94901945A6950050BA97 /* corp.png */,
				EDBE94911945A6950050BA97 /* corp@2x.png */,
				EDBE94921945A6950050BA97 /* criminal.png */,
				EDBE94931945A6950050BA97 /* criminal@2x.png */,
				EDBE94941945A6950050BA97 /* haas-bioroid.png */,
				EDBE94951945A6950050BA97 /* haas-bioroid@2x.png */,
				EDBE94961945A6950050BA97 /* jinteki.png */,
				EDBE94971945A6950050BA97 /* jinteki@2x.png */,
				EDBE94981945A6950050BA97 /* nbn.png */,
				EDBE94991945A6950050BA97 /* nbn@2x.png */,
				EDBE949A1945A6950050BA97 /* runner.png */,
				EDBE949B1945A6950050BA97 /* runner@2x.png */,
				EDBE949C1945A6950050BA97 /* shaper.png */,
				EDBE949D1945A6950050BA97 /* shaper@2x.png */,
				EDBE949E1945A6950050BA97 /* weyland-consortium.png */,
				EDBE949F1945A6950050BA97 /* weyland-consortium@2x.png */,
				ED9D8A871941D57E00B19ED3 /* Images.xcassets */,
			);
			name = Resources;
			sourceTree = "<group>";
		};
/* End PBXGroup section */

/* Begin PBXNativeTarget section */
		ED9D8A781941D57E00B19ED3 /* atlas */ = {
			isa = PBXNativeTarget;
			buildConfigurationList = ED9D8A971941D57E00B19ED3 /* Build configuration list for PBXNativeTarget "atlas" */;
			buildPhases = (
				7B8C92543D2F4F70A5FB66FB /* Check Pods Manifest.lock */,
				ED9D8A751941D57E00B19ED3 /* Sources */,
				ED9D8A761941D57E00B19ED3 /* Frameworks */,
				ED9D8A771941D57E00B19ED3 /* Resources */,
				EDDDCF4A1941F29300F28E58 /* Embed Frameworks */,
				1C929ECC99584194A7F80478 /* Copy Pods Resources */,
			);
			buildRules = (
			);
			dependencies = (
			);
			name = atlas;
			productName = atlas;
			productReference = ED9D8A791941D57E00B19ED3 /* atlas.app */;
			productType = "com.apple.product-type.application";
		};
		ED9D8A8C1941D57E00B19ED3 /* atlasTests */ = {
			isa = PBXNativeTarget;
			buildConfigurationList = ED9D8A9A1941D57E00B19ED3 /* Build configuration list for PBXNativeTarget "atlasTests" */;
			buildPhases = (
				ED9D8A891941D57E00B19ED3 /* Sources */,
				ED9D8A8A1941D57E00B19ED3 /* Frameworks */,
				ED9D8A8B1941D57E00B19ED3 /* Resources */,
			);
			buildRules = (
			);
			dependencies = (
				ED9D8A8F1941D57E00B19ED3 /* PBXTargetDependency */,
			);
			name = atlasTests;
			productName = atlasTests;
			productReference = ED9D8A8D1941D57E00B19ED3 /* atlasTests.xctest */;
			productType = "com.apple.product-type.bundle.unit-test";
		};
/* End PBXNativeTarget section */

/* Begin PBXProject section */
		ED9D8A711941D57E00B19ED3 /* Project object */ = {
			isa = PBXProject;
			attributes = {
				CLASSPREFIX = YB;
				LastUpgradeCheck = 0600;
				ORGANIZATIONNAME = "Yonatan Bergman";
				TargetAttributes = {
					ED9D8A781941D57E00B19ED3 = {
						CreatedOnToolsVersion = 6.0;
						DevelopmentTeam = B233M45L7E;
					};
					ED9D8A8C1941D57E00B19ED3 = {
						CreatedOnToolsVersion = 6.0;
						TestTargetID = ED9D8A781941D57E00B19ED3;
					};
				};
			};
			buildConfigurationList = ED9D8A741941D57E00B19ED3 /* Build configuration list for PBXProject "atlas" */;
			compatibilityVersion = "Xcode 3.2";
			developmentRegion = English;
			hasScannedForEncodings = 0;
			knownRegions = (
				en,
				Base,
			);
			mainGroup = ED9D8A701941D57E00B19ED3;
			productRefGroup = ED9D8A7A1941D57E00B19ED3 /* Products */;
			projectDirPath = "";
			projectRoot = "";
			targets = (
				ED9D8A781941D57E00B19ED3 /* atlas */,
				ED9D8A8C1941D57E00B19ED3 /* atlasTests */,
			);
		};
/* End PBXProject section */

/* Begin PBXResourcesBuildPhase section */
		ED9D8A771941D57E00B19ED3 /* Resources */ = {
			isa = PBXResourcesBuildPhase;
			buildActionMask = 2147483647;
			files = (
				EDBE94A71945A6950050BA97 /* haas-bioroid@2x.png in Resources */,
				EDBE94A91945A6950050BA97 /* jinteki@2x.png in Resources */,
				EDBE94AC1945A6950050BA97 /* runner.png in Resources */,
				EDBE94A81945A6950050BA97 /* jinteki.png in Resources */,
				EDBE94AD1945A6950050BA97 /* runner@2x.png in Resources */,
				EDBE94AA1945A6950050BA97 /* nbn.png in Resources */,
				EDBE94A31945A6950050BA97 /* corp@2x.png in Resources */,
				EDBE94B01945A6950050BA97 /* weyland-consortium.png in Resources */,
				EDBE94A61945A6950050BA97 /* haas-bioroid.png in Resources */,
				ED9D8A861941D57E00B19ED3 /* Main.storyboard in Resources */,
				EDBE94B11945A6950050BA97 /* weyland-consortium@2x.png in Resources */,
				EDBE94A21945A6950050BA97 /* corp.png in Resources */,
				EDBE94AE1945A6950050BA97 /* shaper.png in Resources */,
				EDBE94A51945A6950050BA97 /* criminal@2x.png in Resources */,
				EDBE94A41945A6950050BA97 /* criminal.png in Resources */,
				EDBE94681945A2030050BA97 /* Images.xcassets in Resources */,
				EDBE94A01945A6950050BA97 /* anarch.png in Resources */,
				EDBE94AF1945A6950050BA97 /* shaper@2x.png in Resources */,
				EDBE94A11945A6950050BA97 /* anarch@2x.png in Resources */,
				EDBE94AB1945A6950050BA97 /* nbn@2x.png in Resources */,
			);
			runOnlyForDeploymentPostprocessing = 0;
		};
		ED9D8A8B1941D57E00B19ED3 /* Resources */ = {
			isa = PBXResourcesBuildPhase;
			buildActionMask = 2147483647;
			files = (
			);
			runOnlyForDeploymentPostprocessing = 0;
		};
/* End PBXResourcesBuildPhase section */

/* Begin PBXShellScriptBuildPhase section */
		1C929ECC99584194A7F80478 /* Copy Pods Resources */ = {
			isa = PBXShellScriptBuildPhase;
			buildActionMask = 2147483647;
			files = (
			);
			inputPaths = (
			);
			name = "Copy Pods Resources";
			outputPaths = (
			);
			runOnlyForDeploymentPostprocessing = 0;
			shellPath = /bin/sh;
			shellScript = "\"${SRCROOT}/Pods/Pods-atlas-resources.sh\"\n";
			showEnvVarsInLog = 0;
		};
		7B8C92543D2F4F70A5FB66FB /* Check Pods Manifest.lock */ = {
			isa = PBXShellScriptBuildPhase;
			buildActionMask = 2147483647;
			files = (
			);
			inputPaths = (
			);
			name = "Check Pods Manifest.lock";
			outputPaths = (
			);
			runOnlyForDeploymentPostprocessing = 0;
			shellPath = /bin/sh;
			shellScript = "diff \"${PODS_ROOT}/../Podfile.lock\" \"${PODS_ROOT}/Manifest.lock\" > /dev/null\nif [[ $? != 0 ]] ; then\n    cat << EOM\nerror: The sandbox is not in sync with the Podfile.lock. Run 'pod install' or update your CocoaPods installation.\nEOM\n    exit 1\nfi\n";
			showEnvVarsInLog = 0;
		};
/* End PBXShellScriptBuildPhase section */

/* Begin PBXSourcesBuildPhase section */
		ED9D8A751941D57E00B19ED3 /* Sources */ = {
			isa = PBXSourcesBuildPhase;
			buildActionMask = 2147483647;
			files = (
				ED9D8A9E1941D65600B19ED3 /* YBNetrunnerDB.swift in Sources */,
				ED0FCA3C1948921100CAEA18 /* YBLoadingViewController.swift in Sources */,
				ED4DF35A19F5354F00BBDEA5 /* YBNetrunnerSet.swift in Sources */,
				ED9F34861944EA8700CFCFEA /* YBNetrunnerCard.swift in Sources */,
				ED9D8A811941D57E00B19ED3 /* YBCardListViewController.swift in Sources */,
				EDE1753719F4E1AD00063894 /* YBAppConfig.swift in Sources */,
				EDD1E07019F70185007D815B /* YBSetListViewCell.swift in Sources */,
				ED56F8F619459C360009E67B /* String+Contains.swift in Sources */,
				ED4DF35C19F5385100BBDEA5 /* YBSetListViewController.swift in Sources */,
				EDF153B51944EE8B004435FA /* YBCardTableViewCell.swift in Sources */,
				ED9D8A7F1941D57E00B19ED3 /* AppDelegate.swift in Sources */,
			);
			runOnlyForDeploymentPostprocessing = 0;
		};
		ED9D8A891941D57E00B19ED3 /* Sources */ = {
			isa = PBXSourcesBuildPhase;
			buildActionMask = 2147483647;
			files = (
				ED9D8A941941D57E00B19ED3 /* atlasTests.swift in Sources */,
			);
			runOnlyForDeploymentPostprocessing = 0;
		};
/* End PBXSourcesBuildPhase section */

/* Begin PBXTargetDependency section */
		ED9D8A8F1941D57E00B19ED3 /* PBXTargetDependency */ = {
			isa = PBXTargetDependency;
			target = ED9D8A781941D57E00B19ED3 /* atlas */;
			targetProxy = ED9D8A8E1941D57E00B19ED3 /* PBXContainerItemProxy */;
		};
/* End PBXTargetDependency section */

/* Begin PBXVariantGroup section */
		ED9D8A841941D57E00B19ED3 /* Main.storyboard */ = {
			isa = PBXVariantGroup;
			children = (
				ED9D8A851941D57E00B19ED3 /* Base */,
			);
			name = Main.storyboard;
			sourceTree = "<group>";
		};
/* End PBXVariantGroup section */

/* Begin XCBuildConfiguration section */
		ED9D8A951941D57E00B19ED3 /* Debug */ = {
			isa = XCBuildConfiguration;
			buildSettings = {
				ALWAYS_SEARCH_USER_PATHS = NO;
				CLANG_CXX_LANGUAGE_STANDARD = "gnu++0x";
				CLANG_CXX_LIBRARY = "libc++";
				CLANG_ENABLE_MODULES = YES;
				CLANG_ENABLE_OBJC_ARC = YES;
				CLANG_WARN_BOOL_CONVERSION = YES;
				CLANG_WARN_CONSTANT_CONVERSION = YES;
				CLANG_WARN_DIRECT_OBJC_ISA_USAGE = YES_ERROR;
				CLANG_WARN_EMPTY_BODY = YES;
				CLANG_WARN_ENUM_CONVERSION = YES;
				CLANG_WARN_INT_CONVERSION = YES;
				CLANG_WARN_OBJC_ROOT_CLASS = YES_ERROR;
				CLANG_WARN_UNREACHABLE_CODE = YES;
				CLANG_WARN__DUPLICATE_METHOD_MATCH = YES;
				"CODE_SIGN_IDENTITY[sdk=iphoneos*]" = "iPhone Developer";
				COPY_PHASE_STRIP = NO;
				ENABLE_STRICT_OBJC_MSGSEND = YES;
				GCC_C_LANGUAGE_STANDARD = gnu99;
				GCC_DYNAMIC_NO_PIC = NO;
				GCC_OPTIMIZATION_LEVEL = 0;
				GCC_PREPROCESSOR_DEFINITIONS = (
					"DEBUG=1",
					"$(inherited)",
				);
				GCC_SYMBOLS_PRIVATE_EXTERN = NO;
				GCC_WARN_64_TO_32_BIT_CONVERSION = YES;
				GCC_WARN_ABOUT_RETURN_TYPE = YES_ERROR;
				GCC_WARN_UNDECLARED_SELECTOR = YES;
				GCC_WARN_UNINITIALIZED_AUTOS = YES_AGGRESSIVE;
				GCC_WARN_UNUSED_FUNCTION = YES;
				GCC_WARN_UNUSED_VARIABLE = YES;
				IPHONEOS_DEPLOYMENT_TARGET = 8.0;
				METAL_ENABLE_DEBUG_INFO = YES;
				ONLY_ACTIVE_ARCH = YES;
				SDKROOT = iphoneos;
				SWIFT_OPTIMIZATION_LEVEL = "-Onone";
				TARGETED_DEVICE_FAMILY = "1,2";
			};
			name = Debug;
		};
		ED9D8A961941D57E00B19ED3 /* Release */ = {
			isa = XCBuildConfiguration;
			buildSettings = {
				ALWAYS_SEARCH_USER_PATHS = NO;
				CLANG_CXX_LANGUAGE_STANDARD = "gnu++0x";
				CLANG_CXX_LIBRARY = "libc++";
				CLANG_ENABLE_MODULES = YES;
				CLANG_ENABLE_OBJC_ARC = YES;
				CLANG_WARN_BOOL_CONVERSION = YES;
				CLANG_WARN_CONSTANT_CONVERSION = YES;
				CLANG_WARN_DIRECT_OBJC_ISA_USAGE = YES_ERROR;
				CLANG_WARN_EMPTY_BODY = YES;
				CLANG_WARN_ENUM_CONVERSION = YES;
				CLANG_WARN_INT_CONVERSION = YES;
				CLANG_WARN_OBJC_ROOT_CLASS = YES_ERROR;
				CLANG_WARN_UNREACHABLE_CODE = YES;
				CLANG_WARN__DUPLICATE_METHOD_MATCH = YES;
				"CODE_SIGN_IDENTITY[sdk=iphoneos*]" = "iPhone Developer";
				COPY_PHASE_STRIP = YES;
				ENABLE_NS_ASSERTIONS = NO;
				ENABLE_STRICT_OBJC_MSGSEND = YES;
				GCC_C_LANGUAGE_STANDARD = gnu99;
				GCC_WARN_64_TO_32_BIT_CONVERSION = YES;
				GCC_WARN_ABOUT_RETURN_TYPE = YES_ERROR;
				GCC_WARN_UNDECLARED_SELECTOR = YES;
				GCC_WARN_UNINITIALIZED_AUTOS = YES_AGGRESSIVE;
				GCC_WARN_UNUSED_FUNCTION = YES;
				GCC_WARN_UNUSED_VARIABLE = YES;
				IPHONEOS_DEPLOYMENT_TARGET = 8.0;
				METAL_ENABLE_DEBUG_INFO = NO;
				SDKROOT = iphoneos;
				TARGETED_DEVICE_FAMILY = "1,2";
				VALIDATE_PRODUCT = YES;
			};
			name = Release;
		};
		ED9D8A981941D57E00B19ED3 /* Debug */ = {
			isa = XCBuildConfiguration;
			baseConfigurationReference = B575B372F9404DACA207F34F /* Pods-atlas.xcconfig */;
			buildSettings = {
				ASSETCATALOG_COMPILER_APPICON_NAME = AppIcon;
				ASSETCATALOG_COMPILER_LAUNCHIMAGE_NAME = LaunchImage;
				CODE_SIGN_IDENTITY = "iPhone Developer";
				"CODE_SIGN_IDENTITY[sdk=iphoneos*]" = "iPhone Developer";
				COMPRESS_PNG_FILES = NO;
				INFOPLIST_FILE = atlas/Info.plist;
				IPHONEOS_DEPLOYMENT_TARGET = 7.0;
				LD_RUNPATH_SEARCH_PATHS = "$(inherited) @executable_path/Frameworks";
				PRODUCT_NAME = "$(TARGET_NAME)";
				PROVISIONING_PROFILE = "";
				SWIFT_OBJC_BRIDGING_HEADER = atlas/PodHeader.h;
			};
			name = Debug;
		};
		ED9D8A991941D57E00B19ED3 /* Release */ = {
			isa = XCBuildConfiguration;
			baseConfigurationReference = B575B372F9404DACA207F34F /* Pods-atlas.xcconfig */;
			buildSettings = {
				ASSETCATALOG_COMPILER_APPICON_NAME = AppIcon;
				ASSETCATALOG_COMPILER_LAUNCHIMAGE_NAME = LaunchImage;
				CODE_SIGN_IDENTITY = "iPhone Developer";
				"CODE_SIGN_IDENTITY[sdk=iphoneos*]" = "iPhone Developer";
				COMPRESS_PNG_FILES = NO;
				INFOPLIST_FILE = atlas/Info.plist;
				IPHONEOS_DEPLOYMENT_TARGET = 7.0;
				LD_RUNPATH_SEARCH_PATHS = "$(inherited) @executable_path/Frameworks";
				PRODUCT_NAME = "$(TARGET_NAME)";
				PROVISIONING_PROFILE = "";
				SWIFT_OBJC_BRIDGING_HEADER = atlas/PodHeader.h;
			};
			name = Release;
		};
		ED9D8A9B1941D57E00B19ED3 /* Debug */ = {
			isa = XCBuildConfiguration;
			buildSettings = {
				BUNDLE_LOADER = "$(BUILT_PRODUCTS_DIR)/atlas.app/atlas";
				FRAMEWORK_SEARCH_PATHS = (
					"$(SDKROOT)/Developer/Library/Frameworks",
					"$(inherited)",
				);
				GCC_PREPROCESSOR_DEFINITIONS = (
					"DEBUG=1",
					"$(inherited)",
				);
				INFOPLIST_FILE = atlasTests/Info.plist;
				LD_RUNPATH_SEARCH_PATHS = "$(inherited) @executable_path/Frameworks @loader_path/Frameworks";
				METAL_ENABLE_DEBUG_INFO = YES;
				PRODUCT_NAME = "$(TARGET_NAME)";
				TEST_HOST = "$(BUNDLE_LOADER)";
			};
			name = Debug;
		};
		ED9D8A9C1941D57E00B19ED3 /* Release */ = {
			isa = XCBuildConfiguration;
			buildSettings = {
				BUNDLE_LOADER = "$(BUILT_PRODUCTS_DIR)/atlas.app/atlas";
				FRAMEWORK_SEARCH_PATHS = (
					"$(SDKROOT)/Developer/Library/Frameworks",
					"$(inherited)",
				);
				INFOPLIST_FILE = atlasTests/Info.plist;
				LD_RUNPATH_SEARCH_PATHS = "$(inherited) @executable_path/Frameworks @loader_path/Frameworks";
				METAL_ENABLE_DEBUG_INFO = NO;
				PRODUCT_NAME = "$(TARGET_NAME)";
				TEST_HOST = "$(BUNDLE_LOADER)";
			};
			name = Release;
		};
/* End XCBuildConfiguration section */

/* Begin XCConfigurationList section */
		ED9D8A741941D57E00B19ED3 /* Build configuration list for PBXProject "atlas" */ = {
			isa = XCConfigurationList;
			buildConfigurations = (
				ED9D8A951941D57E00B19ED3 /* Debug */,
				ED9D8A961941D57E00B19ED3 /* Release */,
			);
			defaultConfigurationIsVisible = 0;
			defaultConfigurationName = Release;
		};
		ED9D8A971941D57E00B19ED3 /* Build configuration list for PBXNativeTarget "atlas" */ = {
			isa = XCConfigurationList;
			buildConfigurations = (
				ED9D8A981941D57E00B19ED3 /* Debug */,
				ED9D8A991941D57E00B19ED3 /* Release */,
			);
			defaultConfigurationIsVisible = 0;
			defaultConfigurationName = Release;
		};
		ED9D8A9A1941D57E00B19ED3 /* Build configuration list for PBXNativeTarget "atlasTests" */ = {
			isa = XCConfigurationList;
			buildConfigurations = (
				ED9D8A9B1941D57E00B19ED3 /* Debug */,
				ED9D8A9C1941D57E00B19ED3 /* Release */,
			);
			defaultConfigurationIsVisible = 0;
			defaultConfigurationName = Release;
		};
/* End XCConfigurationList section */
	};
	rootObject = ED9D8A711941D57E00B19ED3 /* Project object */;
}
